
Microsoft Visual Studio Solution File, Format Version 12.00
# Visual Studio Version 17
VisualStudioVersion = 17.4.33213.308
MinimumVisualStudioVersion = 10.0.40219.1
Project("{9A19103F-16F7-4668-BE54-9A1E7A4F7556}") = "Storage", "Storage\Storage.csproj", "{5C476798-4761-4C18-A7DE-7C2ABF25BADC}"
EndProject
Project("{9A19103F-16F7-4668-BE54-9A1E7A4F7556}") = "DogsOnTrailApp", "DogsOnTrailApp\DogsOnTrailApp.csproj", "{11BD6EDC-F8C6-445E-89E4-118593318BCB}"
EndProject
Project("{9A19103F-16F7-4668-BE54-9A1E7A4F7556}") = "Protos", "Protos\Protos.csproj", "{6368156F-D0FD-4D60-8265-467242377A75}"
EndProject
Project("{2150E333-8FDC-42A3-9474-1A3956D46DE8}") = "Docker", "Docker", "{BEBBE88B-4BE7-4A1A-B7D6-E559825E0FFB}"
	ProjectSection(SolutionItems) = preProject
		Dockerfile = Dockerfile
	EndProjectSection
EndProject
Project("{9A19103F-16F7-4668-BE54-9A1E7A4F7556}") = "SharedCode", "Shared\SharedCode.csproj", "{2913CE3C-0A54-4E7F-B6A0-3AAF6FE311BF}"
EndProject
Project("{2150E333-8FDC-42A3-9474-1A3956D46DE8}") = "frontend", "frontend", "{FB288BC0-D6D1-48C5-9542-07DBBE68A54B}"
EndProject
Project("{2150E333-8FDC-42A3-9474-1A3956D46DE8}") = "backend", "backend", "{CEDF3CC0-F475-44EB-86C1-B9AE5735BBD0}"
EndProject
Project("{2150E333-8FDC-42A3-9474-1A3956D46DE8}") = "shared", "shared", "{29FC9076-D06A-4CA0-8CA8-517C45C4FBAE}"
EndProject
Project("{FAE04EC0-301F-11D3-BF4B-00C04F79EFBC}") = "API.GRPCService", "API.GRPCService\API.GRPCService.csproj", "{B02E2189-0E42-4180-9BA9-B9DE3C743193}"
EndProject
Project("{FAE04EC0-301F-11D3-BF4B-00C04F79EFBC}") = "API.WebApiService", "API.WebApiService\API.WebApiService.csproj", "{DFA0E1CB-7682-4F75-8A4D-C26A39AF167A}"
EndProject
Project("{FAE04EC0-301F-11D3-BF4B-00C04F79EFBC}") = "API", "API\API.csproj", "{58A0FD66-0ED2-4D54-B8FB-589A6EFE338D}"
EndProject
Project("{FAE04EC0-301F-11D3-BF4B-00C04F79EFBC}") = "API.Interface", "API.Interfaces\API.Interface.csproj", "{EE14845D-37AB-45F5-8B6A-3EC180EA419C}"
EndProject
Project("{2150E333-8FDC-42A3-9474-1A3956D46DE8}") = "init_scripts", "init_scripts", "{1210BB6D-4229-4F77-9F1B-23324BFFBBA4}"
EndProject
Global
	GlobalSection(SolutionConfigurationPlatforms) = preSolution
		Debug|Any CPU = Debug|Any CPU
		Release|Any CPU = Release|Any CPU
	EndGlobalSection
	GlobalSection(ProjectConfigurationPlatforms) = postSolution
		{5C476798-4761-4C18-A7DE-7C2ABF25BADC}.Debug|Any CPU.ActiveCfg = Debug|Any CPU
		{5C476798-4761-4C18-A7DE-7C2ABF25BADC}.Debug|Any CPU.Build.0 = Debug|Any CPU
		{5C476798-4761-4C18-A7DE-7C2ABF25BADC}.Release|Any CPU.ActiveCfg = Release|Any CPU
		{5C476798-4761-4C18-A7DE-7C2ABF25BADC}.Release|Any CPU.Build.0 = Release|Any CPU
		{11BD6EDC-F8C6-445E-89E4-118593318BCB}.Debug|Any CPU.ActiveCfg = Debug|Any CPU
		{11BD6EDC-F8C6-445E-89E4-118593318BCB}.Debug|Any CPU.Build.0 = Debug|Any CPU
		{11BD6EDC-F8C6-445E-89E4-118593318BCB}.Release|Any CPU.ActiveCfg = Release|Any CPU
		{11BD6EDC-F8C6-445E-89E4-118593318BCB}.Release|Any CPU.Build.0 = Release|Any CPU
		{6368156F-D0FD-4D60-8265-467242377A75}.Debug|Any CPU.ActiveCfg = Debug|Any CPU
		{6368156F-D0FD-4D60-8265-467242377A75}.Debug|Any CPU.Build.0 = Debug|Any CPU
		{6368156F-D0FD-4D60-8265-467242377A75}.Release|Any CPU.ActiveCfg = Release|Any CPU
		{6368156F-D0FD-4D60-8265-467242377A75}.Release|Any CPU.Build.0 = Release|Any CPU
		{2913CE3C-0A54-4E7F-B6A0-3AAF6FE311BF}.Debug|Any CPU.ActiveCfg = Debug|Any CPU
		{2913CE3C-0A54-4E7F-B6A0-3AAF6FE311BF}.Debug|Any CPU.Build.0 = Debug|Any CPU
		{2913CE3C-0A54-4E7F-B6A0-3AAF6FE311BF}.Release|Any CPU.ActiveCfg = Release|Any CPU
		{2913CE3C-0A54-4E7F-B6A0-3AAF6FE311BF}.Release|Any CPU.Build.0 = Release|Any CPU
		{B02E2189-0E42-4180-9BA9-B9DE3C743193}.Debug|Any CPU.ActiveCfg = Debug|Any CPU
		{B02E2189-0E42-4180-9BA9-B9DE3C743193}.Debug|Any CPU.Build.0 = Debug|Any CPU
		{B02E2189-0E42-4180-9BA9-B9DE3C743193}.Release|Any CPU.ActiveCfg = Release|Any CPU
		{B02E2189-0E42-4180-9BA9-B9DE3C743193}.Release|Any CPU.Build.0 = Release|Any CPU
		{DFA0E1CB-7682-4F75-8A4D-C26A39AF167A}.Debug|Any CPU.ActiveCfg = Debug|Any CPU
		{DFA0E1CB-7682-4F75-8A4D-C26A39AF167A}.Debug|Any CPU.Build.0 = Debug|Any CPU
		{DFA0E1CB-7682-4F75-8A4D-C26A39AF167A}.Release|Any CPU.ActiveCfg = Release|Any CPU
		{DFA0E1CB-7682-4F75-8A4D-C26A39AF167A}.Release|Any CPU.Build.0 = Release|Any CPU
		{58A0FD66-0ED2-4D54-B8FB-589A6EFE338D}.Debug|Any CPU.ActiveCfg = Debug|Any CPU
		{58A0FD66-0ED2-4D54-B8FB-589A6EFE338D}.Debug|Any CPU.Build.0 = Debug|Any CPU
		{58A0FD66-0ED2-4D54-B8FB-589A6EFE338D}.Release|Any CPU.ActiveCfg = Release|Any CPU
		{58A0FD66-0ED2-4D54-B8FB-589A6EFE338D}.Release|Any CPU.Build.0 = Release|Any CPU
		{EE14845D-37AB-45F5-8B6A-3EC180EA419C}.Debug|Any CPU.ActiveCfg = Debug|Any CPU
		{EE14845D-37AB-45F5-8B6A-3EC180EA419C}.Debug|Any CPU.Build.0 = Debug|Any CPU
		{EE14845D-37AB-45F5-8B6A-3EC180EA419C}.Release|Any CPU.ActiveCfg = Release|Any CPU
		{EE14845D-37AB-45F5-8B6A-3EC180EA419C}.Release|Any CPU.Build.0 = Release|Any CPU
	EndGlobalSection
	GlobalSection(SolutionProperties) = preSolution
		HideSolutionNode = FALSE
	EndGlobalSection
	GlobalSection(ExtensibilityGlobals) = postSolution
		SolutionGuid = {65883C79-4118-4A25-9E1C-EE4EEDC203EE}
	EndGlobalSection
	GlobalSection(NestedProjects) = preSolution
		{5C476798-4761-4C18-A7DE-7C2ABF25BADC} = {CEDF3CC0-F475-44EB-86C1-B9AE5735BBD0}
		{11BD6EDC-F8C6-445E-89E4-118593318BCB} = {FB288BC0-D6D1-48C5-9542-07DBBE68A54B}
		{6368156F-D0FD-4D60-8265-467242377A75} = {29FC9076-D06A-4CA0-8CA8-517C45C4FBAE}
		{2913CE3C-0A54-4E7F-B6A0-3AAF6FE311BF} = {29FC9076-D06A-4CA0-8CA8-517C45C4FBAE}
		{B02E2189-0E42-4180-9BA9-B9DE3C743193} = {CEDF3CC0-F475-44EB-86C1-B9AE5735BBD0}
		{DFA0E1CB-7682-4F75-8A4D-C26A39AF167A} = {CEDF3CC0-F475-44EB-86C1-B9AE5735BBD0}
		{58A0FD66-0ED2-4D54-B8FB-589A6EFE338D} = {CEDF3CC0-F475-44EB-86C1-B9AE5735BBD0}
		{EE14845D-37AB-45F5-8B6A-3EC180EA419C} = {CEDF3CC0-F475-44EB-86C1-B9AE5735BBD0}
	EndGlobalSection
EndGlobal
